
Microsoft Visual Studio Solution File, Format Version 12.00
Project("{FAE04EC0-301F-11D3-BF4B-00C04F79EFBC}") = "Board", "Board\Board.csproj", "{540C9CFF-FAA3-439E-9268-C60DEA004F72}"
EndProject
Project("{FAE04EC0-301F-11D3-BF4B-00C04F79EFBC}") = "Tiles", "Tiles\Tiles.csproj", "{C0927277-4646-48BD-9A2A-156E76CE812F}"
EndProject
Project("{FAE04EC0-301F-11D3-BF4B-00C04F79EFBC}") = "Board.Tests", "Board.Tests\Board.Tests.csproj", "{3E531055-B024-4FA2-8B67-0CBB07E7F48E}"
EndProject
Project("{FAE04EC0-301F-11D3-BF4B-00C04F79EFBC}") = "Tiles.Tests", "Tiles.Tests\Tiles.Tests.csproj", "{F75B63D0-8E3C-423A-A8CA-FC1012F071E6}"
EndProject
Global
	GlobalSection(SolutionConfigurationPlatforms) = preSolution
		Debug|Any CPU = Debug|Any CPU
		Release|Any CPU = Release|Any CPU
	EndGlobalSection
	GlobalSection(ProjectConfigurationPlatforms) = postSolution
		{540C9CFF-FAA3-439E-9268-C60DEA004F72}.Debug|Any CPU.ActiveCfg = Debug|Any CPU
		{540C9CFF-FAA3-439E-9268-C60DEA004F72}.Debug|Any CPU.Build.0 = Debug|Any CPU
		{540C9CFF-FAA3-439E-9268-C60DEA004F72}.Release|Any CPU.ActiveCfg = Release|Any CPU
		{540C9CFF-FAA3-439E-9268-C60DEA004F72}.Release|Any CPU.Build.0 = Release|Any CPU
		{C0927277-4646-48BD-9A2A-156E76CE812F}.Debug|Any CPU.ActiveCfg = Debug|Any CPU
		{C0927277-4646-48BD-9A2A-156E76CE812F}.Debug|Any CPU.Build.0 = Debug|Any CPU
		{C0927277-4646-48BD-9A2A-156E76CE812F}.Release|Any CPU.ActiveCfg = Release|Any CPU
		{C0927277-4646-48BD-9A2A-156E76CE812F}.Release|Any CPU.Build.0 = Release|Any CPU
		{3E531055-B024-4FA2-8B67-0CBB07E7F48E}.Debug|Any CPU.ActiveCfg = Debug|Any CPU
		{3E531055-B024-4FA2-8B67-0CBB07E7F48E}.Debug|Any CPU.Build.0 = Debug|Any CPU
		{3E531055-B024-4FA2-8B67-0CBB07E7F48E}.Release|Any CPU.ActiveCfg = Release|Any CPU
		{3E531055-B024-4FA2-8B67-0CBB07E7F48E}.Release|Any CPU.Build.0 = Release|Any CPU
		{F75B63D0-8E3C-423A-A8CA-FC1012F071E6}.Debug|Any CPU.ActiveCfg = Debug|Any CPU
		{F75B63D0-8E3C-423A-A8CA-FC1012F071E6}.Debug|Any CPU.Build.0 = Debug|Any CPU
		{F75B63D0-8E3C-423A-A8CA-FC1012F071E6}.Release|Any CPU.ActiveCfg = Release|Any CPU
		{F75B63D0-8E3C-423A-A8CA-FC1012F071E6}.Release|Any CPU.Build.0 = Release|Any CPU
	EndGlobalSection
EndGlobal
