
Microsoft Visual Studio Solution File, Format Version 12.00
Project("{FAE04EC0-301F-11D3-BF4B-00C04F79EFBC}") = "Board", "Board\Board.csproj", "{540C9CFF-FAA3-439E-9268-C60DEA004F72}"
EndProject
Project("{FAE04EC0-301F-11D3-BF4B-00C04F79EFBC}") = "Tiles", "Tiles\Tiles.csproj", "{C0927277-4646-48BD-9A2A-156E76CE812F}"
EndProject
Project("{FAE04EC0-301F-11D3-BF4B-00C04F79EFBC}") = "Board.Tests", "Board.Tests\Board.Tests.csproj", "{3E531055-B024-4FA2-8B67-0CBB07E7F48E}"
EndProject
Project("{FAE04EC0-301F-11D3-BF4B-00C04F79EFBC}") = "Tiles.Tests", "Tiles.Tests\Tiles.Tests.csproj", "{F75B63D0-8E3C-423A-A8CA-FC1012F071E6}"
EndProject
Project("{FAE04EC0-301F-11D3-BF4B-00C04F79EFBC}") = "Actors", "Actors\Actors.csproj", "{905605AA-92A0-4B93-A8A0-2EA4A7D8BE7E}"
EndProject
Project("{FAE04EC0-301F-11D3-BF4B-00C04F79EFBC}") = "Gameplay", "Gameplay\Gameplay.csproj", "{57B974CB-4EC2-4C8C-A0AA-F77ADB992661}"
EndProject
Project("{FAE04EC0-301F-11D3-BF4B-00C04F79EFBC}") = "Actors.Tests", "Actors.Tests\Actors.Tests.csproj", "{E926D14F-C3B7-4260-BAC8-8398E8C8DBD5}"
EndProject
Project("{FAE04EC0-301F-11D3-BF4B-00C04F79EFBC}") = "Gameplay.Tests", "Gameplay.Tests\Gameplay.Tests.csproj", "{BAD2CC39-72A3-45D1-8E7A-9B0C49EA4C85}"
EndProject
Project("{FAE04EC0-301F-11D3-BF4B-00C04F79EFBC}") = "Components", "Components\Components.csproj", "{BA4F7655-F75F-4F95-8441-53DAB5CF4403}"
EndProject
Project("{FAE04EC0-301F-11D3-BF4B-00C04F79EFBC}") = "Components.Tests", "Components.Tests\Components.Tests.csproj", "{4A0D8ED7-22B6-4904-B60E-1A7B3C78F86E}"
EndProject
Project("{FAE04EC0-301F-11D3-BF4B-00C04F79EFBC}") = "Items", "Items\Items.csproj", "{45DE717B-16DC-4176-B315-5829795C4417}"
EndProject
Project("{FAE04EC0-301F-11D3-BF4B-00C04F79EFBC}") = "Items.Tests", "Items.Tests\Items.Tests.csproj", "{1ADADDFF-14A4-439A-BFC5-B982735AF582}"
EndProject
Global
	GlobalSection(SolutionConfigurationPlatforms) = preSolution
		Debug|Any CPU = Debug|Any CPU
		Release|Any CPU = Release|Any CPU
	EndGlobalSection
	GlobalSection(ProjectConfigurationPlatforms) = postSolution
		{540C9CFF-FAA3-439E-9268-C60DEA004F72}.Debug|Any CPU.ActiveCfg = Debug|Any CPU
		{540C9CFF-FAA3-439E-9268-C60DEA004F72}.Debug|Any CPU.Build.0 = Debug|Any CPU
		{540C9CFF-FAA3-439E-9268-C60DEA004F72}.Release|Any CPU.ActiveCfg = Release|Any CPU
		{540C9CFF-FAA3-439E-9268-C60DEA004F72}.Release|Any CPU.Build.0 = Release|Any CPU
		{C0927277-4646-48BD-9A2A-156E76CE812F}.Debug|Any CPU.ActiveCfg = Debug|Any CPU
		{C0927277-4646-48BD-9A2A-156E76CE812F}.Debug|Any CPU.Build.0 = Debug|Any CPU
		{C0927277-4646-48BD-9A2A-156E76CE812F}.Release|Any CPU.ActiveCfg = Release|Any CPU
		{C0927277-4646-48BD-9A2A-156E76CE812F}.Release|Any CPU.Build.0 = Release|Any CPU
		{3E531055-B024-4FA2-8B67-0CBB07E7F48E}.Debug|Any CPU.ActiveCfg = Debug|Any CPU
		{3E531055-B024-4FA2-8B67-0CBB07E7F48E}.Debug|Any CPU.Build.0 = Debug|Any CPU
		{3E531055-B024-4FA2-8B67-0CBB07E7F48E}.Release|Any CPU.ActiveCfg = Release|Any CPU
		{3E531055-B024-4FA2-8B67-0CBB07E7F48E}.Release|Any CPU.Build.0 = Release|Any CPU
		{F75B63D0-8E3C-423A-A8CA-FC1012F071E6}.Debug|Any CPU.ActiveCfg = Debug|Any CPU
		{F75B63D0-8E3C-423A-A8CA-FC1012F071E6}.Debug|Any CPU.Build.0 = Debug|Any CPU
		{F75B63D0-8E3C-423A-A8CA-FC1012F071E6}.Release|Any CPU.ActiveCfg = Release|Any CPU
		{F75B63D0-8E3C-423A-A8CA-FC1012F071E6}.Release|Any CPU.Build.0 = Release|Any CPU
		{905605AA-92A0-4B93-A8A0-2EA4A7D8BE7E}.Debug|Any CPU.ActiveCfg = Debug|Any CPU
		{905605AA-92A0-4B93-A8A0-2EA4A7D8BE7E}.Debug|Any CPU.Build.0 = Debug|Any CPU
		{905605AA-92A0-4B93-A8A0-2EA4A7D8BE7E}.Release|Any CPU.ActiveCfg = Release|Any CPU
		{905605AA-92A0-4B93-A8A0-2EA4A7D8BE7E}.Release|Any CPU.Build.0 = Release|Any CPU
		{57B974CB-4EC2-4C8C-A0AA-F77ADB992661}.Debug|Any CPU.ActiveCfg = Debug|Any CPU
		{57B974CB-4EC2-4C8C-A0AA-F77ADB992661}.Debug|Any CPU.Build.0 = Debug|Any CPU
		{57B974CB-4EC2-4C8C-A0AA-F77ADB992661}.Release|Any CPU.ActiveCfg = Release|Any CPU
		{57B974CB-4EC2-4C8C-A0AA-F77ADB992661}.Release|Any CPU.Build.0 = Release|Any CPU
		{E926D14F-C3B7-4260-BAC8-8398E8C8DBD5}.Debug|Any CPU.ActiveCfg = Debug|Any CPU
		{E926D14F-C3B7-4260-BAC8-8398E8C8DBD5}.Debug|Any CPU.Build.0 = Debug|Any CPU
		{E926D14F-C3B7-4260-BAC8-8398E8C8DBD5}.Release|Any CPU.ActiveCfg = Release|Any CPU
		{E926D14F-C3B7-4260-BAC8-8398E8C8DBD5}.Release|Any CPU.Build.0 = Release|Any CPU
		{BAD2CC39-72A3-45D1-8E7A-9B0C49EA4C85}.Debug|Any CPU.ActiveCfg = Debug|Any CPU
		{BAD2CC39-72A3-45D1-8E7A-9B0C49EA4C85}.Debug|Any CPU.Build.0 = Debug|Any CPU
		{BAD2CC39-72A3-45D1-8E7A-9B0C49EA4C85}.Release|Any CPU.ActiveCfg = Release|Any CPU
		{BAD2CC39-72A3-45D1-8E7A-9B0C49EA4C85}.Release|Any CPU.Build.0 = Release|Any CPU
		{BA4F7655-F75F-4F95-8441-53DAB5CF4403}.Debug|Any CPU.ActiveCfg = Debug|Any CPU
		{BA4F7655-F75F-4F95-8441-53DAB5CF4403}.Debug|Any CPU.Build.0 = Debug|Any CPU
		{BA4F7655-F75F-4F95-8441-53DAB5CF4403}.Release|Any CPU.ActiveCfg = Release|Any CPU
		{BA4F7655-F75F-4F95-8441-53DAB5CF4403}.Release|Any CPU.Build.0 = Release|Any CPU
		{4A0D8ED7-22B6-4904-B60E-1A7B3C78F86E}.Debug|Any CPU.ActiveCfg = Debug|Any CPU
		{4A0D8ED7-22B6-4904-B60E-1A7B3C78F86E}.Debug|Any CPU.Build.0 = Debug|Any CPU
		{4A0D8ED7-22B6-4904-B60E-1A7B3C78F86E}.Release|Any CPU.ActiveCfg = Release|Any CPU
		{4A0D8ED7-22B6-4904-B60E-1A7B3C78F86E}.Release|Any CPU.Build.0 = Release|Any CPU
		{45DE717B-16DC-4176-B315-5829795C4417}.Debug|Any CPU.ActiveCfg = Debug|Any CPU
		{45DE717B-16DC-4176-B315-5829795C4417}.Debug|Any CPU.Build.0 = Debug|Any CPU
		{45DE717B-16DC-4176-B315-5829795C4417}.Release|Any CPU.ActiveCfg = Release|Any CPU
		{45DE717B-16DC-4176-B315-5829795C4417}.Release|Any CPU.Build.0 = Release|Any CPU
		{1ADADDFF-14A4-439A-BFC5-B982735AF582}.Debug|Any CPU.ActiveCfg = Debug|Any CPU
		{1ADADDFF-14A4-439A-BFC5-B982735AF582}.Debug|Any CPU.Build.0 = Debug|Any CPU
		{1ADADDFF-14A4-439A-BFC5-B982735AF582}.Release|Any CPU.ActiveCfg = Release|Any CPU
		{1ADADDFF-14A4-439A-BFC5-B982735AF582}.Release|Any CPU.Build.0 = Release|Any CPU
	EndGlobalSection
EndGlobal
